// !$*UTF8*$!
{
	archiveVersion = 1;
	classes = {
	};
	objectVersion = 50;
	objects = {

/* Begin PBXFileReference section */
		5B3BA0EA2257875500491378 /* main.c */ = {isa = PBXFileReference; lastKnownFileType = sourcecode.c.c; path = main.c; sourceTree = "<group>"; };
		5B3BA0EB2257877D00491378 /* avr_compiler.h */ = {isa = PBXFileReference; lastKnownFileType = sourcecode.c.h; path = avr_compiler.h; sourceTree = "<group>"; };
		5B3BA0EC2257878600491378 /* Makefile */ = {isa = PBXFileReference; lastKnownFileType = sourcecode.make; path = Makefile; sourceTree = "<group>"; };
/* End PBXFileReference section */

/* Begin PBXGroup section */
		5B3BA0E32257874400491378 = {
			isa = PBXGroup;
			children = (
				5B3BA0EC2257878600491378 /* Makefile */,
				5B3BA0EB2257877D00491378 /* avr_compiler.h */,
				5B3BA0EA2257875500491378 /* main.c */,
			);
			sourceTree = "<group>";
		};
/* End PBXGroup section */

/* Begin PBXProject section */
		5B3BA0E42257874400491378 /* Project object */ = {
			isa = PBXProject;
			attributes = {
				LastUpgradeCheck = 1020;
			};
			buildConfigurationList = 5B3BA0E72257874400491378 /* Build configuration list for PBXProject "4_legged_bounding_w_Sensors" */;
			compatibilityVersion = "Xcode 9.3";
			developmentRegion = en;
			hasScannedForEncodings = 0;
			knownRegions = (
				en,
			);
			mainGroup = 5B3BA0E32257874400491378;
			projectDirPath = "";
			projectRoot = "";
			targets = (
			);
		};
/* End PBXProject section */

/* Begin XCBuildConfiguration section */
		5B3BA0E82257874400491378 /* Debug */ = {
			isa = XCBuildConfiguration;
			buildSettings = {
			};
			name = Debug;
		};
		5B3BA0E92257874400491378 /* Release */ = {
			isa = XCBuildConfiguration;
			buildSettings = {
			};
			name = Release;
		};
/* End XCBuildConfiguration section */

/* Begin XCConfigurationList section */
		5B3BA0E72257874400491378 /* Build configuration list for PBXProject "4_legged_bounding_w_Sensors" */ = {
			isa = XCConfigurationList;
			buildConfigurations = (
				5B3BA0E82257874400491378 /* Debug */,
				5B3BA0E92257874400491378 /* Release */,
			);
			defaultConfigurationIsVisible = 0;
			defaultConfigurationName = Release;
		};
/* End XCConfigurationList section */
	};
	rootObject = 5B3BA0E42257874400491378 /* Project object */;
}
