// !$*UTF8*$!
{
	archiveVersion = 1;
	classes = {
	};
	objectVersion = 50;
	objects = {

/* Begin PBXFileReference section */
		5B6666702217ED0900FFED6F /* avr_compiler.h */ = {isa = PBXFileReference; lastKnownFileType = sourcecode.c.h; path = avr_compiler.h; sourceTree = "<group>"; };
		5B6666712217ED2100FFED6F /* Makefile */ = {isa = PBXFileReference; lastKnownFileType = sourcecode.make; path = Makefile; sourceTree = "<group>"; };
		5B6666722217ED4100FFED6F /* main.c */ = {isa = PBXFileReference; lastKnownFileType = sourcecode.c.c; path = main.c; sourceTree = "<group>"; };
		5B6666742218175100FFED6F /* lcd.h */ = {isa = PBXFileReference; lastKnownFileType = sourcecode.c.h; path = lcd.h; sourceTree = "<group>"; };
/* End PBXFileReference section */

/* Begin PBXGroup section */
		5B6666672217ECB600FFED6F = {
			isa = PBXGroup;
			children = (
				5B6666742218175100FFED6F /* lcd.h */,
				5B6666722217ED4100FFED6F /* main.c */,
				5B6666712217ED2100FFED6F /* Makefile */,
				5B6666702217ED0900FFED6F /* avr_compiler.h */,
			);
			sourceTree = "<group>";
		};
/* End PBXGroup section */

/* Begin PBXProject section */
		5B6666682217ECB600FFED6F /* Project object */ = {
			isa = PBXProject;
			attributes = {
				LastUpgradeCheck = 1010;
			};
			buildConfigurationList = 5B66666B2217ECB600FFED6F /* Build configuration list for PBXProject "4 legged bot velocity cal" */;
			compatibilityVersion = "Xcode 9.3";
			developmentRegion = en;
			hasScannedForEncodings = 0;
			knownRegions = (
				en,
			);
			mainGroup = 5B6666672217ECB600FFED6F;
			projectDirPath = "";
			projectRoot = "";
			targets = (
			);
		};
/* End PBXProject section */

/* Begin XCBuildConfiguration section */
		5B66666C2217ECB600FFED6F /* Debug */ = {
			isa = XCBuildConfiguration;
			buildSettings = {
			};
			name = Debug;
		};
		5B66666D2217ECB600FFED6F /* Release */ = {
			isa = XCBuildConfiguration;
			buildSettings = {
			};
			name = Release;
		};
/* End XCBuildConfiguration section */

/* Begin XCConfigurationList section */
		5B66666B2217ECB600FFED6F /* Build configuration list for PBXProject "4 legged bot velocity cal" */ = {
			isa = XCConfigurationList;
			buildConfigurations = (
				5B66666C2217ECB600FFED6F /* Debug */,
				5B66666D2217ECB600FFED6F /* Release */,
			);
			defaultConfigurationIsVisible = 0;
			defaultConfigurationName = Release;
		};
/* End XCConfigurationList section */
	};
	rootObject = 5B6666682217ECB600FFED6F /* Project object */;
}
