// !$*UTF8*$!
{
	archiveVersion = 1;
	classes = {
	};
	objectVersion = 50;
	objects = {

/* Begin PBXFileReference section */
		5B218D6021C3F4A50000D283 /* Makefile */ = {isa = PBXFileReference; lastKnownFileType = sourcecode.make; path = Makefile; sourceTree = "<group>"; };
		5B218D6121C3F4B00000D283 /* avr_compiler.h */ = {isa = PBXFileReference; lastKnownFileType = sourcecode.c.h; path = avr_compiler.h; sourceTree = "<group>"; };
		5B218D6221C3F4C90000D283 /* main.c */ = {isa = PBXFileReference; lastKnownFileType = sourcecode.c.c; path = main.c; sourceTree = "<group>"; };
		5B218D6321C439C60000D283 /* lcd.h */ = {isa = PBXFileReference; lastKnownFileType = sourcecode.c.h; path = lcd.h; sourceTree = "<group>"; };
/* End PBXFileReference section */

/* Begin PBXGroup section */
		5B218D5921C3F48F0000D283 = {
			isa = PBXGroup;
			children = (
				5B218D6321C439C60000D283 /* lcd.h */,
				5B218D6221C3F4C90000D283 /* main.c */,
				5B218D6121C3F4B00000D283 /* avr_compiler.h */,
				5B218D6021C3F4A50000D283 /* Makefile */,
			);
			sourceTree = "<group>";
		};
/* End PBXGroup section */

/* Begin PBXProject section */
		5B218D5A21C3F48F0000D283 /* Project object */ = {
			isa = PBXProject;
			attributes = {
				LastUpgradeCheck = 1010;
			};
			buildConfigurationList = 5B218D5D21C3F48F0000D283 /* Build configuration list for PBXProject "AR" */;
			compatibilityVersion = "Xcode 9.3";
			developmentRegion = en;
			hasScannedForEncodings = 0;
			knownRegions = (
				en,
			);
			mainGroup = 5B218D5921C3F48F0000D283;
			projectDirPath = "";
			projectRoot = "";
			targets = (
			);
		};
/* End PBXProject section */

/* Begin XCBuildConfiguration section */
		5B218D5E21C3F48F0000D283 /* Debug */ = {
			isa = XCBuildConfiguration;
			buildSettings = {
			};
			name = Debug;
		};
		5B218D5F21C3F48F0000D283 /* Release */ = {
			isa = XCBuildConfiguration;
			buildSettings = {
			};
			name = Release;
		};
/* End XCBuildConfiguration section */

/* Begin XCConfigurationList section */
		5B218D5D21C3F48F0000D283 /* Build configuration list for PBXProject "AR" */ = {
			isa = XCConfigurationList;
			buildConfigurations = (
				5B218D5E21C3F48F0000D283 /* Debug */,
				5B218D5F21C3F48F0000D283 /* Release */,
			);
			defaultConfigurationIsVisible = 0;
			defaultConfigurationName = Release;
		};
/* End XCConfigurationList section */
	};
	rootObject = 5B218D5A21C3F48F0000D283 /* Project object */;
}
