// !$*UTF8*$!
{
	archiveVersion = 1;
	classes = {
	};
	objectVersion = 50;
	objects = {

/* Begin PBXFileReference section */
		5B28670D22192C6800811DA3 /* main.c */ = {isa = PBXFileReference; lastKnownFileType = sourcecode.c.c; path = main.c; sourceTree = "<group>"; };
		5B28670E221930B500811DA3 /* Makefile */ = {isa = PBXFileReference; lastKnownFileType = sourcecode.make; path = Makefile; sourceTree = "<group>"; };
		5B28670F221930BB00811DA3 /* avr_compiler.h */ = {isa = PBXFileReference; lastKnownFileType = sourcecode.c.h; path = avr_compiler.h; sourceTree = "<group>"; };
		5B28671022193AF800811DA3 /* lcd.h */ = {isa = PBXFileReference; lastKnownFileType = sourcecode.c.h; name = lcd.h; path = ../../../../Eyantra/Codes/final_task_sorabh/lcd.h; sourceTree = "<group>"; };
/* End PBXFileReference section */

/* Begin PBXGroup section */
		5B28670622192C4600811DA3 = {
			isa = PBXGroup;
			children = (
				5B28671022193AF800811DA3 /* lcd.h */,
				5B28670F221930BB00811DA3 /* avr_compiler.h */,
				5B28670E221930B500811DA3 /* Makefile */,
				5B28670D22192C6800811DA3 /* main.c */,
			);
			sourceTree = "<group>";
		};
/* End PBXGroup section */

/* Begin PBXProject section */
		5B28670722192C4600811DA3 /* Project object */ = {
			isa = PBXProject;
			attributes = {
				LastUpgradeCheck = 1010;
			};
			buildConfigurationList = 5B28670A22192C4600811DA3 /* Build configuration list for PBXProject "TCS  sensor avr" */;
			compatibilityVersion = "Xcode 9.3";
			developmentRegion = en;
			hasScannedForEncodings = 0;
			knownRegions = (
				en,
			);
			mainGroup = 5B28670622192C4600811DA3;
			projectDirPath = "";
			projectRoot = "";
			targets = (
			);
		};
/* End PBXProject section */

/* Begin XCBuildConfiguration section */
		5B28670B22192C4600811DA3 /* Debug */ = {
			isa = XCBuildConfiguration;
			buildSettings = {
			};
			name = Debug;
		};
		5B28670C22192C4600811DA3 /* Release */ = {
			isa = XCBuildConfiguration;
			buildSettings = {
			};
			name = Release;
		};
/* End XCBuildConfiguration section */

/* Begin XCConfigurationList section */
		5B28670A22192C4600811DA3 /* Build configuration list for PBXProject "TCS  sensor avr" */ = {
			isa = XCConfigurationList;
			buildConfigurations = (
				5B28670B22192C4600811DA3 /* Debug */,
				5B28670C22192C4600811DA3 /* Release */,
			);
			defaultConfigurationIsVisible = 0;
			defaultConfigurationName = Release;
		};
/* End XCConfigurationList section */
	};
	rootObject = 5B28670722192C4600811DA3 /* Project object */;
}
