// !$*UTF8*$!
{
	archiveVersion = 1;
	classes = {
	};
	objectVersion = 50;
	objects = {

/* Begin PBXFileReference section */
		5B93220E21DE80C600B94317 /* avr_compiler.h */ = {isa = PBXFileReference; lastKnownFileType = sourcecode.c.h; path = avr_compiler.h; sourceTree = "<group>"; };
		5B93220F21DE80D300B94317 /* Makefile */ = {isa = PBXFileReference; lastKnownFileType = sourcecode.make; path = Makefile; sourceTree = "<group>"; };
		5B93221021DE80FB00B94317 /* main.c */ = {isa = PBXFileReference; lastKnownFileType = sourcecode.c.c; path = main.c; sourceTree = "<group>"; };
/* End PBXFileReference section */

/* Begin PBXGroup section */
		5B93220621DE806E00B94317 = {
			isa = PBXGroup;
			children = (
				5B93221021DE80FB00B94317 /* main.c */,
				5B93220F21DE80D300B94317 /* Makefile */,
				5B93220E21DE80C600B94317 /* avr_compiler.h */,
			);
			sourceTree = "<group>";
		};
/* End PBXGroup section */

/* Begin PBXProject section */
		5B93220721DE806E00B94317 /* Project object */ = {
			isa = PBXProject;
			attributes = {
				LastUpgradeCheck = 1010;
			};
			buildConfigurationList = 5B93220A21DE806E00B94317 /* Build configuration list for PBXProject "adxl 345" */;
			compatibilityVersion = "Xcode 9.3";
			developmentRegion = en;
			hasScannedForEncodings = 0;
			knownRegions = (
				en,
			);
			mainGroup = 5B93220621DE806E00B94317;
			projectDirPath = "";
			projectRoot = "";
			targets = (
			);
		};
/* End PBXProject section */

/* Begin XCBuildConfiguration section */
		5B93220B21DE806E00B94317 /* Debug */ = {
			isa = XCBuildConfiguration;
			buildSettings = {
			};
			name = Debug;
		};
		5B93220C21DE806E00B94317 /* Release */ = {
			isa = XCBuildConfiguration;
			buildSettings = {
			};
			name = Release;
		};
/* End XCBuildConfiguration section */

/* Begin XCConfigurationList section */
		5B93220A21DE806E00B94317 /* Build configuration list for PBXProject "adxl 345" */ = {
			isa = XCConfigurationList;
			buildConfigurations = (
				5B93220B21DE806E00B94317 /* Debug */,
				5B93220C21DE806E00B94317 /* Release */,
			);
			defaultConfigurationIsVisible = 0;
			defaultConfigurationName = Release;
		};
/* End XCConfigurationList section */
	};
	rootObject = 5B93220721DE806E00B94317 /* Project object */;
}
